// !$*UTF8*$!
{
	archiveVersion = 1;
	classes = {
	};
	objectVersion = 50;
	objects = {

/* Begin PBXBuildFile section */
		3C288FDE25DFF62D007B352E /* AppDelegate.swift in Sources */ = {isa = PBXBuildFile; fileRef = 3C288FDD25DFF62D007B352E /* AppDelegate.swift */; };
		3C288FE225DFF62D007B352E /* ViewController.swift in Sources */ = {isa = PBXBuildFile; fileRef = 3C288FE125DFF62D007B352E /* ViewController.swift */; };
		3C288FE725DFF62F007B352E /* Assets.xcassets in Resources */ = {isa = PBXBuildFile; fileRef = 3C288FE625DFF62F007B352E /* Assets.xcassets */; };
		3C288FEA25DFF62F007B352E /* LaunchScreen.storyboard in Resources */ = {isa = PBXBuildFile; fileRef = 3C288FE825DFF62F007B352E /* LaunchScreen.storyboard */; };
		3C288FFB25DFF8AD007B352E /* MainFlowController.swift in Sources */ = {isa = PBXBuildFile; fileRef = 3C288FFA25DFF8AD007B352E /* MainFlowController.swift */; };
		3C288FFE25DFF952007B352E /* PostFlowController.swift in Sources */ = {isa = PBXBuildFile; fileRef = 3C288FFD25DFF952007B352E /* PostFlowController.swift */; };
		3C28900125DFFAC7007B352E /* Post.swift in Sources */ = {isa = PBXBuildFile; fileRef = 3C28900025DFFAC7007B352E /* Post.swift */; };
		3C28900425DFFB61007B352E /* PostListViewController.swift in Sources */ = {isa = PBXBuildFile; fileRef = 3C28900325DFFB61007B352E /* PostListViewController.swift */; };
		3C28900725DFFB73007B352E /* PostViewModel.swift in Sources */ = {isa = PBXBuildFile; fileRef = 3C28900625DFFB73007B352E /* PostViewModel.swift */; };
		3C28900A25DFFFCF007B352E /* TableViewCell.swift in Sources */ = {isa = PBXBuildFile; fileRef = 3C28900925DFFFCF007B352E /* TableViewCell.swift */; };
		3C28900D25E00074007B352E /* Client.swift in Sources */ = {isa = PBXBuildFile; fileRef = 3C28900C25E00074007B352E /* Client.swift */; };
		3C28901025E00174007B352E /* Endpoint.swift in Sources */ = {isa = PBXBuildFile; fileRef = 3C28900F25E00174007B352E /* Endpoint.swift */; };
		3C66104425E0069600D6B2C6 /* API.swift in Sources */ = {isa = PBXBuildFile; fileRef = 3C66104325E0069600D6B2C6 /* API.swift */; };
		3C66104725E006AD00D6B2C6 /* API+Post.swift in Sources */ = {isa = PBXBuildFile; fileRef = 3C66104625E006AD00D6B2C6 /* API+Post.swift */; };
		3C66104B25E0071400D6B2C6 /* PostService.swift in Sources */ = {isa = PBXBuildFile; fileRef = 3C66104A25E0071400D6B2C6 /* PostService.swift */; };
		3C66105525E00BC800D6B2C6 /* CodequestTestAppTests.swift in Sources */ = {isa = PBXBuildFile; fileRef = 3C66105425E00BC800D6B2C6 /* CodequestTestAppTests.swift */; };
/* End PBXBuildFile section */

/* Begin PBXContainerItemProxy section */
		3C66105725E00BC800D6B2C6 /* PBXContainerItemProxy */ = {
			isa = PBXContainerItemProxy;
			containerPortal = 3C288FD225DFF62D007B352E /* Project object */;
			proxyType = 1;
			remoteGlobalIDString = 3C288FD925DFF62D007B352E;
			remoteInfo = CodequestTestApp;
		};
/* End PBXContainerItemProxy section */

/* Begin PBXFileReference section */
		3C288FDA25DFF62D007B352E /* CodequestTestApp.app */ = {isa = PBXFileReference; explicitFileType = wrapper.application; includeInIndex = 0; path = CodequestTestApp.app; sourceTree = BUILT_PRODUCTS_DIR; };
		3C288FDD25DFF62D007B352E /* AppDelegate.swift */ = {isa = PBXFileReference; lastKnownFileType = sourcecode.swift; path = AppDelegate.swift; sourceTree = "<group>"; };
		3C288FE125DFF62D007B352E /* ViewController.swift */ = {isa = PBXFileReference; lastKnownFileType = sourcecode.swift; path = ViewController.swift; sourceTree = "<group>"; };
		3C288FE625DFF62F007B352E /* Assets.xcassets */ = {isa = PBXFileReference; lastKnownFileType = folder.assetcatalog; path = Assets.xcassets; sourceTree = "<group>"; };
		3C288FE925DFF62F007B352E /* Base */ = {isa = PBXFileReference; lastKnownFileType = file.storyboard; name = Base; path = Base.lproj/LaunchScreen.storyboard; sourceTree = "<group>"; };
		3C288FEB25DFF62F007B352E /* Info.plist */ = {isa = PBXFileReference; lastKnownFileType = text.plist.xml; path = Info.plist; sourceTree = "<group>"; };
		3C288FFA25DFF8AD007B352E /* MainFlowController.swift */ = {isa = PBXFileReference; lastKnownFileType = sourcecode.swift; path = MainFlowController.swift; sourceTree = "<group>"; };
		3C288FFD25DFF952007B352E /* PostFlowController.swift */ = {isa = PBXFileReference; lastKnownFileType = sourcecode.swift; path = PostFlowController.swift; sourceTree = "<group>"; };
		3C28900025DFFAC7007B352E /* Post.swift */ = {isa = PBXFileReference; lastKnownFileType = sourcecode.swift; path = Post.swift; sourceTree = "<group>"; };
		3C28900325DFFB61007B352E /* PostListViewController.swift */ = {isa = PBXFileReference; lastKnownFileType = sourcecode.swift; path = PostListViewController.swift; sourceTree = "<group>"; };
		3C28900625DFFB73007B352E /* PostViewModel.swift */ = {isa = PBXFileReference; lastKnownFileType = sourcecode.swift; path = PostViewModel.swift; sourceTree = "<group>"; };
		3C28900925DFFFCF007B352E /* TableViewCell.swift */ = {isa = PBXFileReference; lastKnownFileType = sourcecode.swift; path = TableViewCell.swift; sourceTree = "<group>"; };
		3C28900C25E00074007B352E /* Client.swift */ = {isa = PBXFileReference; lastKnownFileType = sourcecode.swift; path = Client.swift; sourceTree = "<group>"; };
		3C28900F25E00174007B352E /* Endpoint.swift */ = {isa = PBXFileReference; lastKnownFileType = sourcecode.swift; path = Endpoint.swift; sourceTree = "<group>"; };
		3C66104325E0069600D6B2C6 /* API.swift */ = {isa = PBXFileReference; lastKnownFileType = sourcecode.swift; path = API.swift; sourceTree = "<group>"; };
		3C66104625E006AD00D6B2C6 /* API+Post.swift */ = {isa = PBXFileReference; lastKnownFileType = sourcecode.swift; path = "API+Post.swift"; sourceTree = "<group>"; };
		3C66104A25E0071400D6B2C6 /* PostService.swift */ = {isa = PBXFileReference; lastKnownFileType = sourcecode.swift; path = PostService.swift; sourceTree = "<group>"; };
		3C66105225E00BC800D6B2C6 /* CodequestTestAppTests.xctest */ = {isa = PBXFileReference; explicitFileType = wrapper.cfbundle; includeInIndex = 0; path = CodequestTestAppTests.xctest; sourceTree = BUILT_PRODUCTS_DIR; };
		3C66105425E00BC800D6B2C6 /* CodequestTestAppTests.swift */ = {isa = PBXFileReference; lastKnownFileType = sourcecode.swift; path = CodequestTestAppTests.swift; sourceTree = "<group>"; };
		3C66105625E00BC800D6B2C6 /* Info.plist */ = {isa = PBXFileReference; lastKnownFileType = text.plist.xml; path = Info.plist; sourceTree = "<group>"; };
/* End PBXFileReference section */

/* Begin PBXFrameworksBuildPhase section */
		3C288FD725DFF62D007B352E /* Frameworks */ = {
			isa = PBXFrameworksBuildPhase;
			buildActionMask = 2147483647;
			files = (
			);
			runOnlyForDeploymentPostprocessing = 0;
		};
		3C66104F25E00BC700D6B2C6 /* Frameworks */ = {
			isa = PBXFrameworksBuildPhase;
			buildActionMask = 2147483647;
			files = (
			);
			runOnlyForDeploymentPostprocessing = 0;
		};
/* End PBXFrameworksBuildPhase section */

/* Begin PBXGroup section */
		3C288FD125DFF62D007B352E = {
			isa = PBXGroup;
			children = (
				3C288FDC25DFF62D007B352E /* CodequestTestApp */,
				3C66105325E00BC800D6B2C6 /* CodequestTestAppTests */,
				3C288FDB25DFF62D007B352E /* Products */,
			);
			sourceTree = "<group>";
		};
		3C288FDB25DFF62D007B352E /* Products */ = {
			isa = PBXGroup;
			children = (
				3C288FDA25DFF62D007B352E /* CodequestTestApp.app */,
				3C66105225E00BC800D6B2C6 /* CodequestTestAppTests.xctest */,
			);
			name = Products;
			sourceTree = "<group>";
		};
		3C288FDC25DFF62D007B352E /* CodequestTestApp */ = {
			isa = PBXGroup;
			children = (
				3C66104925E0070100D6B2C6 /* Services */,
				3C288FF825DFF834007B352E /* Models */,
				3C288FF725DFF82C007B352E /* Networking */,
				3C288FF625DFF825007B352E /* Extensions */,
				3C288FF525DFF81B007B352E /* UI */,
				3C288FF425DFF813007B352E /* Flows */,
				3C288FDD25DFF62D007B352E /* AppDelegate.swift */,
				3C288FE125DFF62D007B352E /* ViewController.swift */,
				3C288FE625DFF62F007B352E /* Assets.xcassets */,
				3C288FE825DFF62F007B352E /* LaunchScreen.storyboard */,
				3C288FEB25DFF62F007B352E /* Info.plist */,
			);
			path = CodequestTestApp;
			sourceTree = "<group>";
		};
		3C288FF425DFF813007B352E /* Flows */ = {
			isa = PBXGroup;
			children = (
				3C288FFA25DFF8AD007B352E /* MainFlowController.swift */,
				3C288FFD25DFF952007B352E /* PostFlowController.swift */,
			);
			path = Flows;
			sourceTree = "<group>";
		};
		3C288FF525DFF81B007B352E /* UI */ = {
			isa = PBXGroup;
			children = (
				3C288FF925DFF862007B352E /* PostList */,
			);
			path = UI;
			sourceTree = "<group>";
		};
		3C288FF625DFF825007B352E /* Extensions */ = {
			isa = PBXGroup;
			children = (
			);
			path = Extensions;
			sourceTree = "<group>";
		};
		3C288FF725DFF82C007B352E /* Networking */ = {
			isa = PBXGroup;
			children = (
				3C28900C25E00074007B352E /* Client.swift */,
				3C28900F25E00174007B352E /* Endpoint.swift */,
				3C66104325E0069600D6B2C6 /* API.swift */,
				3C66104625E006AD00D6B2C6 /* API+Post.swift */,
			);
			path = Networking;
			sourceTree = "<group>";
		};
		3C288FF825DFF834007B352E /* Models */ = {
			isa = PBXGroup;
			children = (
				3C28900025DFFAC7007B352E /* Post.swift */,
			);
			path = Models;
			sourceTree = "<group>";
		};
		3C288FF925DFF862007B352E /* PostList */ = {
			isa = PBXGroup;
			children = (
				3C28900325DFFB61007B352E /* PostListViewController.swift */,
				3C28900625DFFB73007B352E /* PostViewModel.swift */,
				3C28900925DFFFCF007B352E /* TableViewCell.swift */,
			);
			path = PostList;
			sourceTree = "<group>";
		};
		3C66104925E0070100D6B2C6 /* Services */ = {
			isa = PBXGroup;
			children = (
				3C66104A25E0071400D6B2C6 /* PostService.swift */,
			);
			path = Services;
			sourceTree = "<group>";
		};
		3C66105325E00BC800D6B2C6 /* CodequestTestAppTests */ = {
			isa = PBXGroup;
			children = (
				3C66105425E00BC800D6B2C6 /* CodequestTestAppTests.swift */,
				3C66105625E00BC800D6B2C6 /* Info.plist */,
			);
			path = CodequestTestAppTests;
			sourceTree = "<group>";
		};
/* End PBXGroup section */

/* Begin PBXNativeTarget section */
		3C288FD925DFF62D007B352E /* CodequestTestApp */ = {
			isa = PBXNativeTarget;
			buildConfigurationList = 3C288FEE25DFF62F007B352E /* Build configuration list for PBXNativeTarget "CodequestTestApp" */;
			buildPhases = (
				3C288FD625DFF62D007B352E /* Sources */,
				3C288FD725DFF62D007B352E /* Frameworks */,
				3C288FD825DFF62D007B352E /* Resources */,
			);
			buildRules = (
			);
			dependencies = (
			);
			name = CodequestTestApp;
			productName = CodequestTestApp;
			productReference = 3C288FDA25DFF62D007B352E /* CodequestTestApp.app */;
			productType = "com.apple.product-type.application";
		};
		3C66105125E00BC700D6B2C6 /* CodequestTestAppTests */ = {
			isa = PBXNativeTarget;
			buildConfigurationList = 3C66105925E00BC800D6B2C6 /* Build configuration list for PBXNativeTarget "CodequestTestAppTests" */;
			buildPhases = (
				3C66104E25E00BC700D6B2C6 /* Sources */,
				3C66104F25E00BC700D6B2C6 /* Frameworks */,
				3C66105025E00BC700D6B2C6 /* Resources */,
			);
			buildRules = (
			);
			dependencies = (
				3C66105825E00BC800D6B2C6 /* PBXTargetDependency */,
			);
			name = CodequestTestAppTests;
			productName = CodequestTestAppTests;
			productReference = 3C66105225E00BC800D6B2C6 /* CodequestTestAppTests.xctest */;
			productType = "com.apple.product-type.bundle.unit-test";
		};
/* End PBXNativeTarget section */

/* Begin PBXProject section */
		3C288FD225DFF62D007B352E /* Project object */ = {
			isa = PBXProject;
			attributes = {
				LastSwiftUpdateCheck = 1240;
				LastUpgradeCheck = 1240;
				TargetAttributes = {
					3C288FD925DFF62D007B352E = {
						CreatedOnToolsVersion = 12.4;
					};
					3C66105125E00BC700D6B2C6 = {
						CreatedOnToolsVersion = 12.4;
						TestTargetID = 3C288FD925DFF62D007B352E;
					};
				};
			};
			buildConfigurationList = 3C288FD525DFF62D007B352E /* Build configuration list for PBXProject "CodequestTestApp" */;
			compatibilityVersion = "Xcode 9.3";
			developmentRegion = en;
			hasScannedForEncodings = 0;
			knownRegions = (
				en,
				Base,
			);
			mainGroup = 3C288FD125DFF62D007B352E;
			productRefGroup = 3C288FDB25DFF62D007B352E /* Products */;
			projectDirPath = "";
			projectRoot = "";
			targets = (
				3C288FD925DFF62D007B352E /* CodequestTestApp */,
				3C66105125E00BC700D6B2C6 /* CodequestTestAppTests */,
			);
		};
/* End PBXProject section */

/* Begin PBXResourcesBuildPhase section */
		3C288FD825DFF62D007B352E /* Resources */ = {
			isa = PBXResourcesBuildPhase;
			buildActionMask = 2147483647;
			files = (
				3C288FEA25DFF62F007B352E /* LaunchScreen.storyboard in Resources */,
				3C288FE725DFF62F007B352E /* Assets.xcassets in Resources */,
			);
			runOnlyForDeploymentPostprocessing = 0;
		};
		3C66105025E00BC700D6B2C6 /* Resources */ = {
			isa = PBXResourcesBuildPhase;
			buildActionMask = 2147483647;
			files = (
			);
			runOnlyForDeploymentPostprocessing = 0;
		};
/* End PBXResourcesBuildPhase section */

/* Begin PBXSourcesBuildPhase section */
		3C288FD625DFF62D007B352E /* Sources */ = {
			isa = PBXSourcesBuildPhase;
			buildActionMask = 2147483647;
			files = (
				3C66104725E006AD00D6B2C6 /* API+Post.swift in Sources */,
				3C66104425E0069600D6B2C6 /* API.swift in Sources */,
				3C288FFB25DFF8AD007B352E /* MainFlowController.swift in Sources */,
				3C28900A25DFFFCF007B352E /* TableViewCell.swift in Sources */,
				3C28900725DFFB73007B352E /* PostViewModel.swift in Sources */,
				3C288FFE25DFF952007B352E /* PostFlowController.swift in Sources */,
				3C288FE225DFF62D007B352E /* ViewController.swift in Sources */,
				3C28901025E00174007B352E /* Endpoint.swift in Sources */,
				3C288FDE25DFF62D007B352E /* AppDelegate.swift in Sources */,
				3C28900425DFFB61007B352E /* PostListViewController.swift in Sources */,
				3C66104B25E0071400D6B2C6 /* PostService.swift in Sources */,
				3C28900125DFFAC7007B352E /* Post.swift in Sources */,
				3C28900D25E00074007B352E /* Client.swift in Sources */,
			);
			runOnlyForDeploymentPostprocessing = 0;
		};
		3C66104E25E00BC700D6B2C6 /* Sources */ = {
			isa = PBXSourcesBuildPhase;
			buildActionMask = 2147483647;
			files = (
				3C66105525E00BC800D6B2C6 /* CodequestTestAppTests.swift in Sources */,
			);
			runOnlyForDeploymentPostprocessing = 0;
		};
/* End PBXSourcesBuildPhase section */

/* Begin PBXTargetDependency section */
		3C66105825E00BC800D6B2C6 /* PBXTargetDependency */ = {
			isa = PBXTargetDependency;
			target = 3C288FD925DFF62D007B352E /* CodequestTestApp */;
			targetProxy = 3C66105725E00BC800D6B2C6 /* PBXContainerItemProxy */;
		};
/* End PBXTargetDependency section */

/* Begin PBXVariantGroup section */
		3C288FE825DFF62F007B352E /* LaunchScreen.storyboard */ = {
			isa = PBXVariantGroup;
			children = (
				3C288FE925DFF62F007B352E /* Base */,
			);
			name = LaunchScreen.storyboard;
			sourceTree = "<group>";
		};
/* End PBXVariantGroup section */

/* Begin XCBuildConfiguration section */
		3C288FEC25DFF62F007B352E /* Debug */ = {
			isa = XCBuildConfiguration;
			buildSettings = {
				ALWAYS_SEARCH_USER_PATHS = NO;
				CLANG_ANALYZER_NONNULL = YES;
				CLANG_ANALYZER_NUMBER_OBJECT_CONVERSION = YES_AGGRESSIVE;
				CLANG_CXX_LANGUAGE_STANDARD = "gnu++14";
				CLANG_CXX_LIBRARY = "libc++";
				CLANG_ENABLE_MODULES = YES;
				CLANG_ENABLE_OBJC_ARC = YES;
				CLANG_ENABLE_OBJC_WEAK = YES;
				CLANG_WARN_BLOCK_CAPTURE_AUTORELEASING = YES;
				CLANG_WARN_BOOL_CONVERSION = YES;
				CLANG_WARN_COMMA = YES;
				CLANG_WARN_CONSTANT_CONVERSION = YES;
				CLANG_WARN_DEPRECATED_OBJC_IMPLEMENTATIONS = YES;
				CLANG_WARN_DIRECT_OBJC_ISA_USAGE = YES_ERROR;
				CLANG_WARN_DOCUMENTATION_COMMENTS = YES;
				CLANG_WARN_EMPTY_BODY = YES;
				CLANG_WARN_ENUM_CONVERSION = YES;
				CLANG_WARN_INFINITE_RECURSION = YES;
				CLANG_WARN_INT_CONVERSION = YES;
				CLANG_WARN_NON_LITERAL_NULL_CONVERSION = YES;
				CLANG_WARN_OBJC_IMPLICIT_RETAIN_SELF = YES;
				CLANG_WARN_OBJC_LITERAL_CONVERSION = YES;
				CLANG_WARN_OBJC_ROOT_CLASS = YES_ERROR;
				CLANG_WARN_QUOTED_INCLUDE_IN_FRAMEWORK_HEADER = YES;
				CLANG_WARN_RANGE_LOOP_ANALYSIS = YES;
				CLANG_WARN_STRICT_PROTOTYPES = YES;
				CLANG_WARN_SUSPICIOUS_MOVE = YES;
				CLANG_WARN_UNGUARDED_AVAILABILITY = YES_AGGRESSIVE;
				CLANG_WARN_UNREACHABLE_CODE = YES;
				CLANG_WARN__DUPLICATE_METHOD_MATCH = YES;
				COPY_PHASE_STRIP = NO;
				DEBUG_INFORMATION_FORMAT = dwarf;
				ENABLE_STRICT_OBJC_MSGSEND = YES;
				ENABLE_TESTABILITY = YES;
				GCC_C_LANGUAGE_STANDARD = gnu11;
				GCC_DYNAMIC_NO_PIC = NO;
				GCC_NO_COMMON_BLOCKS = YES;
				GCC_OPTIMIZATION_LEVEL = 0;
				GCC_PREPROCESSOR_DEFINITIONS = (
					"DEBUG=1",
					"$(inherited)",
				);
				GCC_WARN_64_TO_32_BIT_CONVERSION = YES;
				GCC_WARN_ABOUT_RETURN_TYPE = YES_ERROR;
				GCC_WARN_UNDECLARED_SELECTOR = YES;
				GCC_WARN_UNINITIALIZED_AUTOS = YES_AGGRESSIVE;
				GCC_WARN_UNUSED_FUNCTION = YES;
				GCC_WARN_UNUSED_VARIABLE = YES;
				IPHONEOS_DEPLOYMENT_TARGET = 14.4;
				MTL_ENABLE_DEBUG_INFO = INCLUDE_SOURCE;
				MTL_FAST_MATH = YES;
				ONLY_ACTIVE_ARCH = YES;
				SDKROOT = iphoneos;
				SWIFT_ACTIVE_COMPILATION_CONDITIONS = DEBUG;
				SWIFT_OPTIMIZATION_LEVEL = "-Onone";
			};
			name = Debug;
		};
		3C288FED25DFF62F007B352E /* Release */ = {
			isa = XCBuildConfiguration;
			buildSettings = {
				ALWAYS_SEARCH_USER_PATHS = NO;
				CLANG_ANALYZER_NONNULL = YES;
				CLANG_ANALYZER_NUMBER_OBJECT_CONVERSION = YES_AGGRESSIVE;
				CLANG_CXX_LANGUAGE_STANDARD = "gnu++14";
				CLANG_CXX_LIBRARY = "libc++";
				CLANG_ENABLE_MODULES = YES;
				CLANG_ENABLE_OBJC_ARC = YES;
				CLANG_ENABLE_OBJC_WEAK = YES;
				CLANG_WARN_BLOCK_CAPTURE_AUTORELEASING = YES;
				CLANG_WARN_BOOL_CONVERSION = YES;
				CLANG_WARN_COMMA = YES;
				CLANG_WARN_CONSTANT_CONVERSION = YES;
				CLANG_WARN_DEPRECATED_OBJC_IMPLEMENTATIONS = YES;
				CLANG_WARN_DIRECT_OBJC_ISA_USAGE = YES_ERROR;
				CLANG_WARN_DOCUMENTATION_COMMENTS = YES;
				CLANG_WARN_EMPTY_BODY = YES;
				CLANG_WARN_ENUM_CONVERSION = YES;
				CLANG_WARN_INFINITE_RECURSION = YES;
				CLANG_WARN_INT_CONVERSION = YES;
				CLANG_WARN_NON_LITERAL_NULL_CONVERSION = YES;
				CLANG_WARN_OBJC_IMPLICIT_RETAIN_SELF = YES;
				CLANG_WARN_OBJC_LITERAL_CONVERSION = YES;
				CLANG_WARN_OBJC_ROOT_CLASS = YES_ERROR;
				CLANG_WARN_QUOTED_INCLUDE_IN_FRAMEWORK_HEADER = YES;
				CLANG_WARN_RANGE_LOOP_ANALYSIS = YES;
				CLANG_WARN_STRICT_PROTOTYPES = YES;
				CLANG_WARN_SUSPICIOUS_MOVE = YES;
				CLANG_WARN_UNGUARDED_AVAILABILITY = YES_AGGRESSIVE;
				CLANG_WARN_UNREACHABLE_CODE = YES;
				CLANG_WARN__DUPLICATE_METHOD_MATCH = YES;
				COPY_PHASE_STRIP = NO;
				DEBUG_INFORMATION_FORMAT = "dwarf-with-dsym";
				ENABLE_NS_ASSERTIONS = NO;
				ENABLE_STRICT_OBJC_MSGSEND = YES;
				GCC_C_LANGUAGE_STANDARD = gnu11;
				GCC_NO_COMMON_BLOCKS = YES;
				GCC_WARN_64_TO_32_BIT_CONVERSION = YES;
				GCC_WARN_ABOUT_RETURN_TYPE = YES_ERROR;
				GCC_WARN_UNDECLARED_SELECTOR = YES;
				GCC_WARN_UNINITIALIZED_AUTOS = YES_AGGRESSIVE;
				GCC_WARN_UNUSED_FUNCTION = YES;
				GCC_WARN_UNUSED_VARIABLE = YES;
				IPHONEOS_DEPLOYMENT_TARGET = 14.4;
				MTL_ENABLE_DEBUG_INFO = NO;
				MTL_FAST_MATH = YES;
				SDKROOT = iphoneos;
				SWIFT_COMPILATION_MODE = wholemodule;
				SWIFT_OPTIMIZATION_LEVEL = "-O";
				VALIDATE_PRODUCT = YES;
			};
			name = Release;
		};
		3C288FEF25DFF62F007B352E /* Debug */ = {
			isa = XCBuildConfiguration;
			buildSettings = {
				ASSETCATALOG_COMPILER_APPICON_NAME = AppIcon;
				ASSETCATALOG_COMPILER_GLOBAL_ACCENT_COLOR_NAME = AccentColor;
				CODE_SIGN_STYLE = Automatic;
				INFOPLIST_FILE = CodequestTestApp/Info.plist;
				LD_RUNPATH_SEARCH_PATHS = (
					"$(inherited)",
					"@executable_path/Frameworks",
				);
				PRODUCT_BUNDLE_IDENTIFIER = io.hanzaliderdevelopers.CodequestTestApp;
				PRODUCT_NAME = "$(TARGET_NAME)";
				SWIFT_VERSION = 5.0;
				TARGETED_DEVICE_FAMILY = "1,2";
			};
			name = Debug;
		};
		3C288FF025DFF62F007B352E /* Release */ = {
			isa = XCBuildConfiguration;
			buildSettings = {
				ASSETCATALOG_COMPILER_APPICON_NAME = AppIcon;
				ASSETCATALOG_COMPILER_GLOBAL_ACCENT_COLOR_NAME = AccentColor;
				CODE_SIGN_STYLE = Automatic;
				INFOPLIST_FILE = CodequestTestApp/Info.plist;
				LD_RUNPATH_SEARCH_PATHS = (
					"$(inherited)",
					"@executable_path/Frameworks",
				);
				PRODUCT_BUNDLE_IDENTIFIER = io.hanzaliderdevelopers.CodequestTestApp;
				PRODUCT_NAME = "$(TARGET_NAME)";
				SWIFT_VERSION = 5.0;
				TARGETED_DEVICE_FAMILY = "1,2";
			};
			name = Release;
		};
		3C66105A25E00BC800D6B2C6 /* Debug */ = {
			isa = XCBuildConfiguration;
			buildSettings = {
				BUNDLE_LOADER = "$(TEST_HOST)";
				CODE_SIGN_STYLE = Automatic;
				INFOPLIST_FILE = CodequestTestAppTests/Info.plist;
				LD_RUNPATH_SEARCH_PATHS = (
					"$(inherited)",
					"@executable_path/Frameworks",
					"@loader_path/Frameworks",
				);
				PRODUCT_BUNDLE_IDENTIFIER = io.hanzaliderdevelopers.CodequestTestAppTests;
				PRODUCT_NAME = "$(TARGET_NAME)";
				SWIFT_VERSION = 5.0;
				TARGETED_DEVICE_FAMILY = "1,2";
				TEST_HOST = "$(BUILT_PRODUCTS_DIR)/CodequestTestApp.app/CodequestTestApp";
			};
			name = Debug;
		};
		3C66105B25E00BC800D6B2C6 /* Release */ = {
			isa = XCBuildConfiguration;
			buildSettings = {
				BUNDLE_LOADER = "$(TEST_HOST)";
				CODE_SIGN_STYLE = Automatic;
				INFOPLIST_FILE = CodequestTestAppTests/Info.plist;
				LD_RUNPATH_SEARCH_PATHS = (
					"$(inherited)",
					"@executable_path/Frameworks",
					"@loader_path/Frameworks",
				);
				PRODUCT_BUNDLE_IDENTIFIER = io.hanzaliderdevelopers.CodequestTestAppTests;
				PRODUCT_NAME = "$(TARGET_NAME)";
				SWIFT_VERSION = 5.0;
				TARGETED_DEVICE_FAMILY = "1,2";
				TEST_HOST = "$(BUILT_PRODUCTS_DIR)/CodequestTestApp.app/CodequestTestApp";
			};
			name = Release;
		};
/* End XCBuildConfiguration section */

/* Begin XCConfigurationList section */
		3C288FD525DFF62D007B352E /* Build configuration list for PBXProject "CodequestTestApp" */ = {
			isa = XCConfigurationList;
			buildConfigurations = (
				3C288FEC25DFF62F007B352E /* Debug */,
				3C288FED25DFF62F007B352E /* Release */,
			);
			defaultConfigurationIsVisible = 0;
			defaultConfigurationName = Release;
		};
		3C288FEE25DFF62F007B352E /* Build configuration list for PBXNativeTarget "CodequestTestApp" */ = {
			isa = XCConfigurationList;
			buildConfigurations = (
				3C288FEF25DFF62F007B352E /* Debug */,
				3C288FF025DFF62F007B352E /* Release */,
			);
			defaultConfigurationIsVisible = 0;
			defaultConfigurationName = Release;
		};
		3C66105925E00BC800D6B2C6 /* Build configuration list for PBXNativeTarget "CodequestTestAppTests" */ = {
			isa = XCConfigurationList;
			buildConfigurations = (
				3C66105A25E00BC800D6B2C6 /* Debug */,
				3C66105B25E00BC800D6B2C6 /* Release */,
			);
			defaultConfigurationIsVisible = 0;
			defaultConfigurationName = Release;
		};
/* End XCConfigurationList section */
	};
	rootObject = 3C288FD225DFF62D007B352E /* Project object */;
}
